// !$*UTF8*$!
{
	archiveVersion = 1;
	classes = {
	};
	objectVersion = 50;
	objects = {

/* Begin PBXBuildFile section */
		18AD17442114DCD200276B53 /* AppDelegate.swift in Sources */ = {isa = PBXBuildFile; fileRef = 18AD17432114DCD200276B53 /* AppDelegate.swift */; };
		18AD17462114DCD200276B53 /* ViewController.swift in Sources */ = {isa = PBXBuildFile; fileRef = 18AD17452114DCD200276B53 /* ViewController.swift */; };
		18AD17492114DCD200276B53 /* Main.storyboard in Resources */ = {isa = PBXBuildFile; fileRef = 18AD17472114DCD200276B53 /* Main.storyboard */; };
		18AD174B2114DCD400276B53 /* Assets.xcassets in Resources */ = {isa = PBXBuildFile; fileRef = 18AD174A2114DCD400276B53 /* Assets.xcassets */; };
		18AD174E2114DCD400276B53 /* LaunchScreen.storyboard in Resources */ = {isa = PBXBuildFile; fileRef = 18AD174C2114DCD400276B53 /* LaunchScreen.storyboard */; };
		18AD17562114DFAB00276B53 /* CollectionCell.swift in Sources */ = {isa = PBXBuildFile; fileRef = 18AD17552114DFAB00276B53 /* CollectionCell.swift */; };
		18AD17592114E36700276B53 /* CollCollection2.swift in Sources */ = {isa = PBXBuildFile; fileRef = 18AD17582114E36700276B53 /* CollCollection2.swift */; };
		18AD175B2114E37800276B53 /* CollCollection3.swift in Sources */ = {isa = PBXBuildFile; fileRef = 18AD175A2114E37800276B53 /* CollCollection3.swift */; };
/* End PBXBuildFile section */

/* Begin PBXFileReference section */
		18AD17402114DCD200276B53 /* DesignChallenge.app */ = {isa = PBXFileReference; explicitFileType = wrapper.application; includeInIndex = 0; path = DesignChallenge.app; sourceTree = BUILT_PRODUCTS_DIR; };
		18AD17432114DCD200276B53 /* AppDelegate.swift */ = {isa = PBXFileReference; lastKnownFileType = sourcecode.swift; path = AppDelegate.swift; sourceTree = "<group>"; };
		18AD17452114DCD200276B53 /* ViewController.swift */ = {isa = PBXFileReference; lastKnownFileType = sourcecode.swift; path = ViewController.swift; sourceTree = "<group>"; };
		18AD17482114DCD200276B53 /* Base */ = {isa = PBXFileReference; lastKnownFileType = file.storyboard; name = Base; path = Base.lproj/Main.storyboard; sourceTree = "<group>"; };
		18AD174A2114DCD400276B53 /* Assets.xcassets */ = {isa = PBXFileReference; lastKnownFileType = folder.assetcatalog; path = Assets.xcassets; sourceTree = "<group>"; };
		18AD174D2114DCD400276B53 /* Base */ = {isa = PBXFileReference; lastKnownFileType = file.storyboard; name = Base; path = Base.lproj/LaunchScreen.storyboard; sourceTree = "<group>"; };
		18AD174F2114DCD400276B53 /* Info.plist */ = {isa = PBXFileReference; lastKnownFileType = text.plist.xml; path = Info.plist; sourceTree = "<group>"; };
		18AD17552114DFAB00276B53 /* CollectionCell.swift */ = {isa = PBXFileReference; lastKnownFileType = sourcecode.swift; path = CollectionCell.swift; sourceTree = "<group>"; };
		18AD17582114E36700276B53 /* CollCollection2.swift */ = {isa = PBXFileReference; lastKnownFileType = sourcecode.swift; path = CollCollection2.swift; sourceTree = "<group>"; };
		18AD175A2114E37800276B53 /* CollCollection3.swift */ = {isa = PBXFileReference; lastKnownFileType = sourcecode.swift; path = CollCollection3.swift; sourceTree = "<group>"; };
/* End PBXFileReference section */

/* Begin PBXFrameworksBuildPhase section */
		18AD173D2114DCD200276B53 /* Frameworks */ = {
			isa = PBXFrameworksBuildPhase;
			buildActionMask = 2147483647;
			files = (
			);
			runOnlyForDeploymentPostprocessing = 0;
		};
/* End PBXFrameworksBuildPhase section */

/* Begin PBXGroup section */
		18AD17372114DCD200276B53 = {
			isa = PBXGroup;
			children = (
				18AD17422114DCD200276B53 /* DesignChallenge */,
				18AD17412114DCD200276B53 /* Products */,
			);
			sourceTree = "<group>";
		};
		18AD17412114DCD200276B53 /* Products */ = {
			isa = PBXGroup;
			children = (
				18AD17402114DCD200276B53 /* DesignChallenge.app */,
			);
			name = Products;
			sourceTree = "<group>";
		};
		18AD17422114DCD200276B53 /* DesignChallenge */ = {
			isa = PBXGroup;
			children = (
				18AD17432114DCD200276B53 /* AppDelegate.swift */,
				18AD17452114DCD200276B53 /* ViewController.swift */,
				18AD17472114DCD200276B53 /* Main.storyboard */,
				18AD174A2114DCD400276B53 /* Assets.xcassets */,
				18AD174C2114DCD400276B53 /* LaunchScreen.storyboard */,
				18AD174F2114DCD400276B53 /* Info.plist */,
				18AD17552114DFAB00276B53 /* CollectionCell.swift */,
				18AD17582114E36700276B53 /* CollCollection2.swift */,
				18AD175A2114E37800276B53 /* CollCollection3.swift */,
			);
			path = DesignChallenge;
			sourceTree = "<group>";
		};
/* End PBXGroup section */

/* Begin PBXNativeTarget section */
		18AD173F2114DCD200276B53 /* DesignChallenge */ = {
			isa = PBXNativeTarget;
			buildConfigurationList = 18AD17522114DCD400276B53 /* Build configuration list for PBXNativeTarget "DesignChallenge" */;
			buildPhases = (
				18AD173C2114DCD200276B53 /* Sources */,
				18AD173D2114DCD200276B53 /* Frameworks */,
				18AD173E2114DCD200276B53 /* Resources */,
			);
			buildRules = (
			);
			dependencies = (
			);
			name = DesignChallenge;
			productName = DesignChallenge;
			productReference = 18AD17402114DCD200276B53 /* DesignChallenge.app */;
			productType = "com.apple.product-type.application";
		};
/* End PBXNativeTarget section */

/* Begin PBXProject section */
		18AD17382114DCD200276B53 /* Project object */ = {
			isa = PBXProject;
			attributes = {
				LastSwiftUpdateCheck = 0930;
				LastUpgradeCheck = 0930;
				ORGANIZATIONNAME = Rajesh;
				TargetAttributes = {
					18AD173F2114DCD200276B53 = {
						CreatedOnToolsVersion = 9.3.1;
					};
				};
			};
			buildConfigurationList = 18AD173B2114DCD200276B53 /* Build configuration list for PBXProject "DesignChallenge" */;
			compatibilityVersion = "Xcode 9.3";
			developmentRegion = en;
			hasScannedForEncodings = 0;
			knownRegions = (
				en,
				Base,
			);
			mainGroup = 18AD17372114DCD200276B53;
			productRefGroup = 18AD17412114DCD200276B53 /* Products */;
			projectDirPath = "";
			projectRoot = "";
			targets = (
				18AD173F2114DCD200276B53 /* DesignChallenge */,
			);
		};
/* End PBXProject section */

/* Begin PBXResourcesBuildPhase section */
		18AD173E2114DCD200276B53 /* Resources */ = {
			isa = PBXResourcesBuildPhase;
			buildActionMask = 2147483647;
			files = (
				18AD174E2114DCD400276B53 /* LaunchScreen.storyboard in Resources */,
				18AD174B2114DCD400276B53 /* Assets.xcassets in Resources */,
				18AD17492114DCD200276B53 /* Main.storyboard in Resources */,
			);
			runOnlyForDeploymentPostprocessing = 0;
		};
/* End PBXResourcesBuildPhase section */

/* Begin PBXSourcesBuildPhase section */
		18AD173C2114DCD200276B53 /* Sources */ = {
			isa = PBXSourcesBuildPhase;
			buildActionMask = 2147483647;
			files = (
				18AD17592114E36700276B53 /* CollCollection2.swift in Sources */,
				18AD17462114DCD200276B53 /* ViewController.swift in Sources */,
				18AD17442114DCD200276B53 /* AppDelegate.swift in Sources */,
				18AD17562114DFAB00276B53 /* CollectionCell.swift in Sources */,
				18AD175B2114E37800276B53 /* CollCollection3.swift in Sources */,
			);
			runOnlyForDeploymentPostprocessing = 0;
		};
/* End PBXSourcesBuildPhase section */

/* Begin PBXVariantGroup section */
		18AD17472114DCD200276B53 /* Main.storyboard */ = {
			isa = PBXVariantGroup;
			children = (
				18AD17482114DCD200276B53 /* Base */,
			);
			name = Main.storyboard;
			sourceTree = "<group>";
		};
		18AD174C2114DCD400276B53 /* LaunchScreen.storyboard */ = {
			isa = PBXVariantGroup;
			children = (
				18AD174D2114DCD400276B53 /* Base */,
			);
			name = LaunchScreen.storyboard;
			sourceTree = "<group>";
		};
/* End PBXVariantGroup section */

/* Begin XCBuildConfiguration section */
		18AD17502114DCD400276B53 /* Debug */ = {
			isa = XCBuildConfiguration;
			buildSettings = {
				ALWAYS_SEARCH_USER_PATHS = NO;
				CLANG_ANALYZER_NONNULL = YES;
				CLANG_ANALYZER_NUMBER_OBJECT_CONVERSION = YES_AGGRESSIVE;
				CLANG_CXX_LANGUAGE_STANDARD = "gnu++14";
				CLANG_CXX_LIBRARY = "libc++";
				CLANG_ENABLE_MODULES = YES;
				CLANG_ENABLE_OBJC_ARC = YES;
				CLANG_ENABLE_OBJC_WEAK = YES;
				CLANG_WARN_BLOCK_CAPTURE_AUTORELEASING = YES;
				CLANG_WARN_BOOL_CONVERSION = YES;
				CLANG_WARN_COMMA = YES;
				CLANG_WARN_CONSTANT_CONVERSION = YES;
				CLANG_WARN_DEPRECATED_OBJC_IMPLEMENTATIONS = YES;
				CLANG_WARN_DIRECT_OBJC_ISA_USAGE = YES_ERROR;
				CLANG_WARN_DOCUMENTATION_COMMENTS = YES;
				CLANG_WARN_EMPTY_BODY = YES;
				CLANG_WARN_ENUM_CONVERSION = YES;
				CLANG_WARN_INFINITE_RECURSION = YES;
				CLANG_WARN_INT_CONVERSION = YES;
				CLANG_WARN_NON_LITERAL_NULL_CONVERSION = YES;
				CLANG_WARN_OBJC_IMPLICIT_RETAIN_SELF = YES;
				CLANG_WARN_OBJC_LITERAL_CONVERSION = YES;
				CLANG_WARN_OBJC_ROOT_CLASS = YES_ERROR;
				CLANG_WARN_RANGE_LOOP_ANALYSIS = YES;
				CLANG_WARN_STRICT_PROTOTYPES = YES;
				CLANG_WARN_SUSPICIOUS_MOVE = YES;
				CLANG_WARN_UNGUARDED_AVAILABILITY = YES_AGGRESSIVE;
				CLANG_WARN_UNREACHABLE_CODE = YES;
				CLANG_WARN__DUPLICATE_METHOD_MATCH = YES;
				CODE_SIGN_IDENTITY = "iPhone Developer";
				COPY_PHASE_STRIP = NO;
				DEBUG_INFORMATION_FORMAT = dwarf;
				ENABLE_STRICT_OBJC_MSGSEND = YES;
				ENABLE_TESTABILITY = YES;
				GCC_C_LANGUAGE_STANDARD = gnu11;
				GCC_DYNAMIC_NO_PIC = NO;
				GCC_NO_COMMON_BLOCKS = YES;
				GCC_OPTIMIZATION_LEVEL = 0;
				GCC_PREPROCESSOR_DEFINITIONS = (
					"DEBUG=1",
					"$(inherited)",
				);
				GCC_WARN_64_TO_32_BIT_CONVERSION = YES;
				GCC_WARN_ABOUT_RETURN_TYPE = YES_ERROR;
				GCC_WARN_UNDECLARED_SELECTOR = YES;
				GCC_WARN_UNINITIALIZED_AUTOS = YES_AGGRESSIVE;
				GCC_WARN_UNUSED_FUNCTION = YES;
				GCC_WARN_UNUSED_VARIABLE = YES;
				IPHONEOS_DEPLOYMENT_TARGET = 11.3;
				MTL_ENABLE_DEBUG_INFO = YES;
				ONLY_ACTIVE_ARCH = YES;
				SDKROOT = iphoneos;
				SWIFT_ACTIVE_COMPILATION_CONDITIONS = DEBUG;
				SWIFT_OPTIMIZATION_LEVEL = "-Onone";
			};
			name = Debug;
		};
		18AD17512114DCD400276B53 /* Release */ = {
			isa = XCBuildConfiguration;
			buildSettings = {
				ALWAYS_SEARCH_USER_PATHS = NO;
				CLANG_ANALYZER_NONNULL = YES;
				CLANG_ANALYZER_NUMBER_OBJECT_CONVERSION = YES_AGGRESSIVE;
				CLANG_CXX_LANGUAGE_STANDARD = "gnu++14";
				CLANG_CXX_LIBRARY = "libc++";
				CLANG_ENABLE_MODULES = YES;
				CLANG_ENABLE_OBJC_ARC = YES;
				CLANG_ENABLE_OBJC_WEAK = YES;
				CLANG_WARN_BLOCK_CAPTURE_AUTORELEASING = YES;
				CLANG_WARN_BOOL_CONVERSION = YES;
				CLANG_WARN_COMMA = YES;
				CLANG_WARN_CONSTANT_CONVERSION = YES;
				CLANG_WARN_DEPRECATED_OBJC_IMPLEMENTATIONS = YES;
				CLANG_WARN_DIRECT_OBJC_ISA_USAGE = YES_ERROR;
				CLANG_WARN_DOCUMENTATION_COMMENTS = YES;
				CLANG_WARN_EMPTY_BODY = YES;
				CLANG_WARN_ENUM_CONVERSION = YES;
				CLANG_WARN_INFINITE_RECURSION = YES;
				CLANG_WARN_INT_CONVERSION = YES;
				CLANG_WARN_NON_LITERAL_NULL_CONVERSION = YES;
				CLANG_WARN_OBJC_IMPLICIT_RETAIN_SELF = YES;
				CLANG_WARN_OBJC_LITERAL_CONVERSION = YES;
				CLANG_WARN_OBJC_ROOT_CLASS = YES_ERROR;
				CLANG_WARN_RANGE_LOOP_ANALYSIS = YES;
				CLANG_WARN_STRICT_PROTOTYPES = YES;
				CLANG_WARN_SUSPICIOUS_MOVE = YES;
				CLANG_WARN_UNGUARDED_AVAILABILITY = YES_AGGRESSIVE;
				CLANG_WARN_UNREACHABLE_CODE = YES;
				CLANG_WARN__DUPLICATE_METHOD_MATCH = YES;
				CODE_SIGN_IDENTITY = "iPhone Developer";
				COPY_PHASE_STRIP = NO;
				DEBUG_INFORMATION_FORMAT = "dwarf-with-dsym";
				ENABLE_NS_ASSERTIONS = NO;
				ENABLE_STRICT_OBJC_MSGSEND = YES;
				GCC_C_LANGUAGE_STANDARD = gnu11;
				GCC_NO_COMMON_BLOCKS = YES;
				GCC_WARN_64_TO_32_BIT_CONVERSION = YES;
				GCC_WARN_ABOUT_RETURN_TYPE = YES_ERROR;
				GCC_WARN_UNDECLARED_SELECTOR = YES;
				GCC_WARN_UNINITIALIZED_AUTOS = YES_AGGRESSIVE;
				GCC_WARN_UNUSED_FUNCTION = YES;
				GCC_WARN_UNUSED_VARIABLE = YES;
				IPHONEOS_DEPLOYMENT_TARGET = 11.3;
				MTL_ENABLE_DEBUG_INFO = NO;
				SDKROOT = iphoneos;
				SWIFT_COMPILATION_MODE = wholemodule;
				SWIFT_OPTIMIZATION_LEVEL = "-O";
				VALIDATE_PRODUCT = YES;
			};
			name = Release;
		};
		18AD17532114DCD400276B53 /* Debug */ = {
			isa = XCBuildConfiguration;
			buildSettings = {
				ASSETCATALOG_COMPILER_APPICON_NAME = AppIcon;
				CODE_SIGN_STYLE = Automatic;
				DEVELOPMENT_TEAM = 8FMRJ2J2N9;
				INFOPLIST_FILE = DesignChallenge/Info.plist;
				LD_RUNPATH_SEARCH_PATHS = (
					"$(inherited)",
					"@executable_path/Frameworks",
				);
				PRODUCT_BUNDLE_IDENTIFIER = mightyraju.DesignChallenge;
				PRODUCT_NAME = "$(TARGET_NAME)";
				SWIFT_VERSION = 4.0;
				TARGETED_DEVICE_FAMILY = "1,2";
			};
			name = Debug;
		};
		18AD17542114DCD400276B53 /* Release */ = {
			isa = XCBuildConfiguration;
			buildSettings = {
				ASSETCATALOG_COMPILER_APPICON_NAME = AppIcon;
				CODE_SIGN_STYLE = Automatic;
				DEVELOPMENT_TEAM = 8FMRJ2J2N9;
				INFOPLIST_FILE = DesignChallenge/Info.plist;
				LD_RUNPATH_SEARCH_PATHS = (
					"$(inherited)",
					"@executable_path/Frameworks",
				);
				PRODUCT_BUNDLE_IDENTIFIER = mightyraju.DesignChallenge;
				PRODUCT_NAME = "$(TARGET_NAME)";
				SWIFT_VERSION = 4.0;
				TARGETED_DEVICE_FAMILY = "1,2";
			};
			name = Release;
		};
/* End XCBuildConfiguration section */

/* Begin XCConfigurationList section */
		18AD173B2114DCD200276B53 /* Build configuration list for PBXProject "DesignChallenge" */ = {
			isa = XCConfigurationList;
			buildConfigurations = (
				18AD17502114DCD400276B53 /* Debug */,
				18AD17512114DCD400276B53 /* Release */,
			);
			defaultConfigurationIsVisible = 0;
			defaultConfigurationName = Release;
		};
		18AD17522114DCD400276B53 /* Build configuration list for PBXNativeTarget "DesignChallenge" */ = {
			isa = XCConfigurationList;
			buildConfigurations = (
				18AD17532114DCD400276B53 /* Debug */,
				18AD17542114DCD400276B53 /* Release */,
			);
			defaultConfigurationIsVisible = 0;
			defaultConfigurationName = Release;
		};
/* End XCConfigurationList section */
	};
	rootObject = 18AD17382114DCD200276B53 /* Project object */;
}
